// !$*UTF8*$!
{
	archiveVersion = 1;
	classes = {
	};
	objectVersion = 55;
	objects = {

/* Begin PBXBuildFile section */
		56FADE3C28F189D500D24051 /* ThoughtBayApp.swift in Sources */ = {isa = PBXBuildFile; fileRef = 56FADE3B28F189D500D24051 /* ThoughtBayApp.swift */; };
		56FADE3E28F189D500D24051 /* ContentView.swift in Sources */ = {isa = PBXBuildFile; fileRef = 56FADE3D28F189D500D24051 /* ContentView.swift */; };
		56FADE4028F189DC00D24051 /* Assets.xcassets in Resources */ = {isa = PBXBuildFile; fileRef = 56FADE3F28F189DC00D24051 /* Assets.xcassets */; };
		56FADE4328F189DC00D24051 /* Preview Assets.xcassets in Resources */ = {isa = PBXBuildFile; fileRef = 56FADE4228F189DC00D24051 /* Preview Assets.xcassets */; };
		56FADE5228F18AFB00D24051 /* FeedView.swift in Sources */ = {isa = PBXBuildFile; fileRef = 56FADE5128F18AFB00D24051 /* FeedView.swift */; };
		56FADE5528F18F7500D24051 /* TweetRowView.swift in Sources */ = {isa = PBXBuildFile; fileRef = 56FADE5428F18F7500D24051 /* TweetRowView.swift */; };
		56FADE5828F195A800D24051 /* MainTabView.swift in Sources */ = {isa = PBXBuildFile; fileRef = 56FADE5728F195A800D24051 /* MainTabView.swift */; };
		56FADE5E28F1972300D24051 /* ExploreView.swift in Sources */ = {isa = PBXBuildFile; fileRef = 56FADE5D28F1972300D24051 /* ExploreView.swift */; };
		56FADE6028F1983A00D24051 /* NotificationsView.swift in Sources */ = {isa = PBXBuildFile; fileRef = 56FADE5F28F1983A00D24051 /* NotificationsView.swift */; };
		56FADE6228F1984F00D24051 /* MessagesView.swift in Sources */ = {isa = PBXBuildFile; fileRef = 56FADE6128F1984F00D24051 /* MessagesView.swift */; };
		56FADE6628F199AB00D24051 /* ProfileView.swift in Sources */ = {isa = PBXBuildFile; fileRef = 56FADE6528F199AB00D24051 /* ProfileView.swift */; };
		56FADE6828F1A5BE00D24051 /* TweetFilterViewModel.swift in Sources */ = {isa = PBXBuildFile; fileRef = 56FADE6728F1A5BE00D24051 /* TweetFilterViewModel.swift */; };
/* End PBXBuildFile section */

/* Begin PBXFileReference section */
		56FADE3828F189D500D24051 /* ThoughtBay.app */ = {isa = PBXFileReference; explicitFileType = wrapper.application; includeInIndex = 0; path = ThoughtBay.app; sourceTree = BUILT_PRODUCTS_DIR; };
		56FADE3B28F189D500D24051 /* ThoughtBayApp.swift */ = {isa = PBXFileReference; lastKnownFileType = sourcecode.swift; path = ThoughtBayApp.swift; sourceTree = "<group>"; };
		56FADE3D28F189D500D24051 /* ContentView.swift */ = {isa = PBXFileReference; lastKnownFileType = sourcecode.swift; path = ContentView.swift; sourceTree = "<group>"; };
		56FADE3F28F189DC00D24051 /* Assets.xcassets */ = {isa = PBXFileReference; lastKnownFileType = folder.assetcatalog; path = Assets.xcassets; sourceTree = "<group>"; };
		56FADE4228F189DC00D24051 /* Preview Assets.xcassets */ = {isa = PBXFileReference; lastKnownFileType = folder.assetcatalog; path = "Preview Assets.xcassets"; sourceTree = "<group>"; };
		56FADE5128F18AFB00D24051 /* FeedView.swift */ = {isa = PBXFileReference; lastKnownFileType = sourcecode.swift; path = FeedView.swift; sourceTree = "<group>"; };
		56FADE5428F18F7500D24051 /* TweetRowView.swift */ = {isa = PBXFileReference; lastKnownFileType = sourcecode.swift; path = TweetRowView.swift; sourceTree = "<group>"; };
		56FADE5728F195A800D24051 /* MainTabView.swift */ = {isa = PBXFileReference; lastKnownFileType = sourcecode.swift; path = MainTabView.swift; sourceTree = "<group>"; };
		56FADE5D28F1972300D24051 /* ExploreView.swift */ = {isa = PBXFileReference; lastKnownFileType = sourcecode.swift; path = ExploreView.swift; sourceTree = "<group>"; };
		56FADE5F28F1983A00D24051 /* NotificationsView.swift */ = {isa = PBXFileReference; lastKnownFileType = sourcecode.swift; path = NotificationsView.swift; sourceTree = "<group>"; };
		56FADE6128F1984F00D24051 /* MessagesView.swift */ = {isa = PBXFileReference; lastKnownFileType = sourcecode.swift; path = MessagesView.swift; sourceTree = "<group>"; };
		56FADE6528F199AB00D24051 /* ProfileView.swift */ = {isa = PBXFileReference; lastKnownFileType = sourcecode.swift; path = ProfileView.swift; sourceTree = "<group>"; };
		56FADE6728F1A5BE00D24051 /* TweetFilterViewModel.swift */ = {isa = PBXFileReference; lastKnownFileType = sourcecode.swift; path = TweetFilterViewModel.swift; sourceTree = "<group>"; };
/* End PBXFileReference section */

/* Begin PBXFrameworksBuildPhase section */
		56FADE3528F189D500D24051 /* Frameworks */ = {
			isa = PBXFrameworksBuildPhase;
			buildActionMask = 2147483647;
			files = (
			);
			runOnlyForDeploymentPostprocessing = 0;
		};
/* End PBXFrameworksBuildPhase section */

/* Begin PBXGroup section */
		56FADE2F28F189D400D24051 = {
			isa = PBXGroup;
			children = (
				56FADE3A28F189D500D24051 /* ThoughtBay */,
				56FADE3928F189D500D24051 /* Products */,
			);
			sourceTree = "<group>";
		};
		56FADE3928F189D500D24051 /* Products */ = {
			isa = PBXGroup;
			children = (
				56FADE3828F189D500D24051 /* ThoughtBay.app */,
			);
			name = Products;
			sourceTree = "<group>";
		};
		56FADE3A28F189D500D24051 /* ThoughtBay */ = {
			isa = PBXGroup;
			children = (
				56FADE4C28F18A3A00D24051 /* Extensions */,
				56FADE4B28F18A3700D24051 /* Model */,
				56FADE4A28F18A3400D24051 /* Service */,
				56FADE4928F18A2200D24051 /* Core */,
				56FADE3B28F189D500D24051 /* ThoughtBayApp.swift */,
				56FADE3D28F189D500D24051 /* ContentView.swift */,
				56FADE3F28F189DC00D24051 /* Assets.xcassets */,
				56FADE4128F189DC00D24051 /* Preview Content */,
			);
			path = ThoughtBay;
			sourceTree = "<group>";
		};
		56FADE4128F189DC00D24051 /* Preview Content */ = {
			isa = PBXGroup;
			children = (
				56FADE4228F189DC00D24051 /* Preview Assets.xcassets */,
			);
			path = "Preview Content";
			sourceTree = "<group>";
		};
		56FADE4928F18A2200D24051 /* Core */ = {
			isa = PBXGroup;
			children = (
				56FADE4E28F18A6D00D24051 /* Components */,
				56FADE5C28F196FB00D24051 /* Profile */,
				56FADE5B28F196B900D24051 /* Explore */,
				56FADE5A28F196B200D24051 /* Notifications */,
				56FADE5928F196AC00D24051 /* Messages */,
				56FADE5628F1957300D24051 /* MainTab */,
				56FADE4D28F18A6A00D24051 /* Feed */,
			);
			path = Core;
			sourceTree = "<group>";
		};
		56FADE4A28F18A3400D24051 /* Service */ = {
			isa = PBXGroup;
			children = (
			);
			path = Service;
			sourceTree = "<group>";
		};
		56FADE4B28F18A3700D24051 /* Model */ = {
			isa = PBXGroup;
			children = (
			);
			path = Model;
			sourceTree = "<group>";
		};
		56FADE4C28F18A3A00D24051 /* Extensions */ = {
			isa = PBXGroup;
			children = (
			);
			path = Extensions;
			sourceTree = "<group>";
		};
		56FADE4D28F18A6A00D24051 /* Feed */ = {
			isa = PBXGroup;
			children = (
				56FADE5028F18AC100D24051 /* ViewModels */,
				56FADE4F28F18ABE00D24051 /* View */,
			);
			path = Feed;
			sourceTree = "<group>";
		};
		56FADE4E28F18A6D00D24051 /* Components */ = {
			isa = PBXGroup;
			children = (
				56FADE5328F18F2700D24051 /* Tweets */,
			);
			path = Components;
			sourceTree = "<group>";
		};
		56FADE4F28F18ABE00D24051 /* View */ = {
			isa = PBXGroup;
			children = (
				56FADE5128F18AFB00D24051 /* FeedView.swift */,
			);
			path = View;
			sourceTree = "<group>";
		};
		56FADE5028F18AC100D24051 /* ViewModels */ = {
			isa = PBXGroup;
			children = (
			);
			path = ViewModels;
			sourceTree = "<group>";
		};
		56FADE5328F18F2700D24051 /* Tweets */ = {
			isa = PBXGroup;
			children = (
				56FADE5428F18F7500D24051 /* TweetRowView.swift */,
			);
			path = Tweets;
			sourceTree = "<group>";
		};
		56FADE5628F1957300D24051 /* MainTab */ = {
			isa = PBXGroup;
			children = (
				56FADE5728F195A800D24051 /* MainTabView.swift */,
			);
			path = MainTab;
			sourceTree = "<group>";
		};
		56FADE5928F196AC00D24051 /* Messages */ = {
			isa = PBXGroup;
			children = (
				56FADE6128F1984F00D24051 /* MessagesView.swift */,
			);
			path = Messages;
			sourceTree = "<group>";
		};
		56FADE5A28F196B200D24051 /* Notifications */ = {
			isa = PBXGroup;
			children = (
				56FADE5F28F1983A00D24051 /* NotificationsView.swift */,
			);
			path = Notifications;
			sourceTree = "<group>";
		};
		56FADE5B28F196B900D24051 /* Explore */ = {
			isa = PBXGroup;
			children = (
				56FADE5D28F1972300D24051 /* ExploreView.swift */,
			);
			path = Explore;
			sourceTree = "<group>";
		};
		56FADE5C28F196FB00D24051 /* Profile */ = {
			isa = PBXGroup;
			children = (
				56FADE6328F1998400D24051 /* ViewModels */,
				56FADE6428F1998F00D24051 /* Views */,
			);
			path = Profile;
			sourceTree = "<group>";
		};
		56FADE6328F1998400D24051 /* ViewModels */ = {
			isa = PBXGroup;
			children = (
				56FADE6728F1A5BE00D24051 /* TweetFilterViewModel.swift */,
			);
			path = ViewModels;
			sourceTree = "<group>";
		};
		56FADE6428F1998F00D24051 /* Views */ = {
			isa = PBXGroup;
			children = (
				56FADE6528F199AB00D24051 /* ProfileView.swift */,
			);
			path = Views;
			sourceTree = "<group>";
		};
/* End PBXGroup section */

/* Begin PBXNativeTarget section */
		56FADE3728F189D500D24051 /* ThoughtBay */ = {
			isa = PBXNativeTarget;
			buildConfigurationList = 56FADE4628F189DD00D24051 /* Build configuration list for PBXNativeTarget "ThoughtBay" */;
			buildPhases = (
				56FADE3428F189D500D24051 /* Sources */,
				56FADE3528F189D500D24051 /* Frameworks */,
				56FADE3628F189D500D24051 /* Resources */,
			);
			buildRules = (
			);
			dependencies = (
			);
			name = ThoughtBay;
			productName = ThoughtBay;
			productReference = 56FADE3828F189D500D24051 /* ThoughtBay.app */;
			productType = "com.apple.product-type.application";
		};
/* End PBXNativeTarget section */

/* Begin PBXProject section */
		56FADE3028F189D400D24051 /* Project object */ = {
			isa = PBXProject;
			attributes = {
				BuildIndependentTargetsInParallel = 1;
				LastSwiftUpdateCheck = 1300;
				LastUpgradeCheck = 1300;
				TargetAttributes = {
					56FADE3728F189D500D24051 = {
						CreatedOnToolsVersion = 13.0;
					};
				};
			};
			buildConfigurationList = 56FADE3328F189D400D24051 /* Build configuration list for PBXProject "ThoughtBay" */;
			compatibilityVersion = "Xcode 13.0";
			developmentRegion = en;
			hasScannedForEncodings = 0;
			knownRegions = (
				en,
				Base,
			);
			mainGroup = 56FADE2F28F189D400D24051;
			productRefGroup = 56FADE3928F189D500D24051 /* Products */;
			projectDirPath = "";
			projectRoot = "";
			targets = (
				56FADE3728F189D500D24051 /* ThoughtBay */,
			);
		};
/* End PBXProject section */

/* Begin PBXResourcesBuildPhase section */
		56FADE3628F189D500D24051 /* Resources */ = {
			isa = PBXResourcesBuildPhase;
			buildActionMask = 2147483647;
			files = (
				56FADE4328F189DC00D24051 /* Preview Assets.xcassets in Resources */,
				56FADE4028F189DC00D24051 /* Assets.xcassets in Resources */,
			);
			runOnlyForDeploymentPostprocessing = 0;
		};
/* End PBXResourcesBuildPhase section */

/* Begin PBXSourcesBuildPhase section */
		56FADE3428F189D500D24051 /* Sources */ = {
			isa = PBXSourcesBuildPhase;
			buildActionMask = 2147483647;
			files = (
				56FADE6228F1984F00D24051 /* MessagesView.swift in Sources */,
				56FADE6628F199AB00D24051 /* ProfileView.swift in Sources */,
				56FADE3E28F189D500D24051 /* ContentView.swift in Sources */,
				56FADE5528F18F7500D24051 /* TweetRowView.swift in Sources */,
				56FADE6828F1A5BE00D24051 /* TweetFilterViewModel.swift in Sources */,
				56FADE5228F18AFB00D24051 /* FeedView.swift in Sources */,
				56FADE3C28F189D500D24051 /* ThoughtBayApp.swift in Sources */,
				56FADE5E28F1972300D24051 /* ExploreView.swift in Sources */,
				56FADE5828F195A800D24051 /* MainTabView.swift in Sources */,
				56FADE6028F1983A00D24051 /* NotificationsView.swift in Sources */,
			);
			runOnlyForDeploymentPostprocessing = 0;
		};
/* End PBXSourcesBuildPhase section */

/* Begin XCBuildConfiguration section */
		56FADE4428F189DC00D24051 /* Debug */ = {
			isa = XCBuildConfiguration;
			buildSettings = {
				ALWAYS_SEARCH_USER_PATHS = NO;
				CLANG_ANALYZER_NONNULL = YES;
				CLANG_ANALYZER_NUMBER_OBJECT_CONVERSION = YES_AGGRESSIVE;
				CLANG_CXX_LANGUAGE_STANDARD = "gnu++17";
				CLANG_CXX_LIBRARY = "libc++";
				CLANG_ENABLE_MODULES = YES;
				CLANG_ENABLE_OBJC_ARC = YES;
				CLANG_ENABLE_OBJC_WEAK = YES;
				CLANG_WARN_BLOCK_CAPTURE_AUTORELEASING = YES;
				CLANG_WARN_BOOL_CONVERSION = YES;
				CLANG_WARN_COMMA = YES;
				CLANG_WARN_CONSTANT_CONVERSION = YES;
				CLANG_WARN_DEPRECATED_OBJC_IMPLEMENTATIONS = YES;
				CLANG_WARN_DIRECT_OBJC_ISA_USAGE = YES_ERROR;
				CLANG_WARN_DOCUMENTATION_COMMENTS = YES;
				CLANG_WARN_EMPTY_BODY = YES;
				CLANG_WARN_ENUM_CONVERSION = YES;
				CLANG_WARN_INFINITE_RECURSION = YES;
				CLANG_WARN_INT_CONVERSION = YES;
				CLANG_WARN_NON_LITERAL_NULL_CONVERSION = YES;
				CLANG_WARN_OBJC_IMPLICIT_RETAIN_SELF = YES;
				CLANG_WARN_OBJC_LITERAL_CONVERSION = YES;
				CLANG_WARN_OBJC_ROOT_CLASS = YES_ERROR;
				CLANG_WARN_QUOTED_INCLUDE_IN_FRAMEWORK_HEADER = YES;
				CLANG_WARN_RANGE_LOOP_ANALYSIS = YES;
				CLANG_WARN_STRICT_PROTOTYPES = YES;
				CLANG_WARN_SUSPICIOUS_MOVE = YES;
				CLANG_WARN_UNGUARDED_AVAILABILITY = YES_AGGRESSIVE;
				CLANG_WARN_UNREACHABLE_CODE = YES;
				CLANG_WARN__DUPLICATE_METHOD_MATCH = YES;
				COPY_PHASE_STRIP = NO;
				DEBUG_INFORMATION_FORMAT = dwarf;
				ENABLE_STRICT_OBJC_MSGSEND = YES;
				ENABLE_TESTABILITY = YES;
				GCC_C_LANGUAGE_STANDARD = gnu11;
				GCC_DYNAMIC_NO_PIC = NO;
				GCC_NO_COMMON_BLOCKS = YES;
				GCC_OPTIMIZATION_LEVEL = 0;
				GCC_PREPROCESSOR_DEFINITIONS = (
					"DEBUG=1",
					"$(inherited)",
				);
				GCC_WARN_64_TO_32_BIT_CONVERSION = YES;
				GCC_WARN_ABOUT_RETURN_TYPE = YES_ERROR;
				GCC_WARN_UNDECLARED_SELECTOR = YES;
				GCC_WARN_UNINITIALIZED_AUTOS = YES_AGGRESSIVE;
				GCC_WARN_UNUSED_FUNCTION = YES;
				GCC_WARN_UNUSED_VARIABLE = YES;
				IPHONEOS_DEPLOYMENT_TARGET = 15.0;
				MTL_ENABLE_DEBUG_INFO = INCLUDE_SOURCE;
				MTL_FAST_MATH = YES;
				ONLY_ACTIVE_ARCH = YES;
				SDKROOT = iphoneos;
				SWIFT_ACTIVE_COMPILATION_CONDITIONS = DEBUG;
				SWIFT_OPTIMIZATION_LEVEL = "-Onone";
			};
			name = Debug;
		};
		56FADE4528F189DC00D24051 /* Release */ = {
			isa = XCBuildConfiguration;
			buildSettings = {
				ALWAYS_SEARCH_USER_PATHS = NO;
				CLANG_ANALYZER_NONNULL = YES;
				CLANG_ANALYZER_NUMBER_OBJECT_CONVERSION = YES_AGGRESSIVE;
				CLANG_CXX_LANGUAGE_STANDARD = "gnu++17";
				CLANG_CXX_LIBRARY = "libc++";
				CLANG_ENABLE_MODULES = YES;
				CLANG_ENABLE_OBJC_ARC = YES;
				CLANG_ENABLE_OBJC_WEAK = YES;
				CLANG_WARN_BLOCK_CAPTURE_AUTORELEASING = YES;
				CLANG_WARN_BOOL_CONVERSION = YES;
				CLANG_WARN_COMMA = YES;
				CLANG_WARN_CONSTANT_CONVERSION = YES;
				CLANG_WARN_DEPRECATED_OBJC_IMPLEMENTATIONS = YES;
				CLANG_WARN_DIRECT_OBJC_ISA_USAGE = YES_ERROR;
				CLANG_WARN_DOCUMENTATION_COMMENTS = YES;
				CLANG_WARN_EMPTY_BODY = YES;
				CLANG_WARN_ENUM_CONVERSION = YES;
				CLANG_WARN_INFINITE_RECURSION = YES;
				CLANG_WARN_INT_CONVERSION = YES;
				CLANG_WARN_NON_LITERAL_NULL_CONVERSION = YES;
				CLANG_WARN_OBJC_IMPLICIT_RETAIN_SELF = YES;
				CLANG_WARN_OBJC_LITERAL_CONVERSION = YES;
				CLANG_WARN_OBJC_ROOT_CLASS = YES_ERROR;
				CLANG_WARN_QUOTED_INCLUDE_IN_FRAMEWORK_HEADER = YES;
				CLANG_WARN_RANGE_LOOP_ANALYSIS = YES;
				CLANG_WARN_STRICT_PROTOTYPES = YES;
				CLANG_WARN_SUSPICIOUS_MOVE = YES;
				CLANG_WARN_UNGUARDED_AVAILABILITY = YES_AGGRESSIVE;
				CLANG_WARN_UNREACHABLE_CODE = YES;
				CLANG_WARN__DUPLICATE_METHOD_MATCH = YES;
				COPY_PHASE_STRIP = NO;
				DEBUG_INFORMATION_FORMAT = "dwarf-with-dsym";
				ENABLE_NS_ASSERTIONS = NO;
				ENABLE_STRICT_OBJC_MSGSEND = YES;
				GCC_C_LANGUAGE_STANDARD = gnu11;
				GCC_NO_COMMON_BLOCKS = YES;
				GCC_WARN_64_TO_32_BIT_CONVERSION = YES;
				GCC_WARN_ABOUT_RETURN_TYPE = YES_ERROR;
				GCC_WARN_UNDECLARED_SELECTOR = YES;
				GCC_WARN_UNINITIALIZED_AUTOS = YES_AGGRESSIVE;
				GCC_WARN_UNUSED_FUNCTION = YES;
				GCC_WARN_UNUSED_VARIABLE = YES;
				IPHONEOS_DEPLOYMENT_TARGET = 15.0;
				MTL_ENABLE_DEBUG_INFO = NO;
				MTL_FAST_MATH = YES;
				SDKROOT = iphoneos;
				SWIFT_COMPILATION_MODE = wholemodule;
				SWIFT_OPTIMIZATION_LEVEL = "-O";
				VALIDATE_PRODUCT = YES;
			};
			name = Release;
		};
		56FADE4728F189DD00D24051 /* Debug */ = {
			isa = XCBuildConfiguration;
			buildSettings = {
				ASSETCATALOG_COMPILER_APPICON_NAME = AppIcon;
				ASSETCATALOG_COMPILER_GLOBAL_ACCENT_COLOR_NAME = AccentColor;
				CODE_SIGN_STYLE = Automatic;
				CURRENT_PROJECT_VERSION = 1;
				DEVELOPMENT_ASSET_PATHS = "\"ThoughtBay/Preview Content\"";
				DEVELOPMENT_TEAM = "";
				ENABLE_PREVIEWS = YES;
				GENERATE_INFOPLIST_FILE = YES;
				INFOPLIST_KEY_UIApplicationSceneManifest_Generation = YES;
				INFOPLIST_KEY_UIApplicationSupportsIndirectInputEvents = YES;
				INFOPLIST_KEY_UILaunchScreen_Generation = YES;
				INFOPLIST_KEY_UISupportedInterfaceOrientations_iPad = "UIInterfaceOrientationPortrait UIInterfaceOrientationPortraitUpsideDown UIInterfaceOrientationLandscapeLeft UIInterfaceOrientationLandscapeRight";
				INFOPLIST_KEY_UISupportedInterfaceOrientations_iPhone = "UIInterfaceOrientationPortrait UIInterfaceOrientationLandscapeLeft UIInterfaceOrientationLandscapeRight";
				IPHONEOS_DEPLOYMENT_TARGET = 14.0;
				LD_RUNPATH_SEARCH_PATHS = (
					"$(inherited)",
					"@executable_path/Frameworks",
				);
				MARKETING_VERSION = 1.0;
				PRODUCT_BUNDLE_IDENTIFIER = com.prajwalhorti.ThoughtBay;
				PRODUCT_NAME = "$(TARGET_NAME)";
				SWIFT_EMIT_LOC_STRINGS = YES;
				SWIFT_VERSION = 5.0;
				TARGETED_DEVICE_FAMILY = "1,2";
			};
			name = Debug;
		};
		56FADE4828F189DD00D24051 /* Release */ = {
			isa = XCBuildConfiguration;
			buildSettings = {
				ASSETCATALOG_COMPILER_APPICON_NAME = AppIcon;
				ASSETCATALOG_COMPILER_GLOBAL_ACCENT_COLOR_NAME = AccentColor;
				CODE_SIGN_STYLE = Automatic;
				CURRENT_PROJECT_VERSION = 1;
				DEVELOPMENT_ASSET_PATHS = "\"ThoughtBay/Preview Content\"";
				DEVELOPMENT_TEAM = "";
				ENABLE_PREVIEWS = YES;
				GENERATE_INFOPLIST_FILE = YES;
				INFOPLIST_KEY_UIApplicationSceneManifest_Generation = YES;
				INFOPLIST_KEY_UIApplicationSupportsIndirectInputEvents = YES;
				INFOPLIST_KEY_UILaunchScreen_Generation = YES;
				INFOPLIST_KEY_UISupportedInterfaceOrientations_iPad = "UIInterfaceOrientationPortrait UIInterfaceOrientationPortraitUpsideDown UIInterfaceOrientationLandscapeLeft UIInterfaceOrientationLandscapeRight";
				INFOPLIST_KEY_UISupportedInterfaceOrientations_iPhone = "UIInterfaceOrientationPortrait UIInterfaceOrientationLandscapeLeft UIInterfaceOrientationLandscapeRight";
				IPHONEOS_DEPLOYMENT_TARGET = 14.0;
				LD_RUNPATH_SEARCH_PATHS = (
					"$(inherited)",
					"@executable_path/Frameworks",
				);
				MARKETING_VERSION = 1.0;
				PRODUCT_BUNDLE_IDENTIFIER = com.prajwalhorti.ThoughtBay;
				PRODUCT_NAME = "$(TARGET_NAME)";
				SWIFT_EMIT_LOC_STRINGS = YES;
				SWIFT_VERSION = 5.0;
				TARGETED_DEVICE_FAMILY = "1,2";
			};
			name = Release;
		};
/* End XCBuildConfiguration section */

/* Begin XCConfigurationList section */
		56FADE3328F189D400D24051 /* Build configuration list for PBXProject "ThoughtBay" */ = {
			isa = XCConfigurationList;
			buildConfigurations = (
				56FADE4428F189DC00D24051 /* Debug */,
				56FADE4528F189DC00D24051 /* Release */,
			);
			defaultConfigurationIsVisible = 0;
			defaultConfigurationName = Release;
		};
		56FADE4628F189DD00D24051 /* Build configuration list for PBXNativeTarget "ThoughtBay" */ = {
			isa = XCConfigurationList;
			buildConfigurations = (
				56FADE4728F189DD00D24051 /* Debug */,
				56FADE4828F189DD00D24051 /* Release */,
			);
			defaultConfigurationIsVisible = 0;
			defaultConfigurationName = Release;
		};
/* End XCConfigurationList section */
	};
	rootObject = 56FADE3028F189D400D24051 /* Project object */;
}
